
Microsoft Visual Studio Solution File, Format Version 12.00
# Visual Studio Version 16
VisualStudioVersion = 16.0.34301.259
MinimumVisualStudioVersion = 10.0.40219.1
Project("{FAE04EC0-301F-11D3-BF4B-00C04F79EFBC}") = "cadastroAlunoEstudo", "cadastroAlunoEstudo\cadastroAlunoEstudo.csproj", "{68257FF6-5773-479F-A4E8-47DFE00D0C75}"
EndProject
Global
	GlobalSection(SolutionConfigurationPlatforms) = preSolution
		Debug|Any CPU = Debug|Any CPU
		Release|Any CPU = Release|Any CPU
	EndGlobalSection
	GlobalSection(ProjectConfigurationPlatforms) = postSolution
		{68257FF6-5773-479F-A4E8-47DFE00D0C75}.Debug|Any CPU.ActiveCfg = Debug|Any CPU
		{68257FF6-5773-479F-A4E8-47DFE00D0C75}.Debug|Any CPU.Build.0 = Debug|Any CPU
		{68257FF6-5773-479F-A4E8-47DFE00D0C75}.Release|Any CPU.ActiveCfg = Release|Any CPU
		{68257FF6-5773-479F-A4E8-47DFE00D0C75}.Release|Any CPU.Build.0 = Release|Any CPU
	EndGlobalSection
	GlobalSection(SolutionProperties) = preSolution
		HideSolutionNode = FALSE
	EndGlobalSection
	GlobalSection(ExtensibilityGlobals) = postSolution
		SolutionGuid = {8A2C3024-CB3E-4387-830E-34F9F58E5D7A}
	EndGlobalSection
EndGlobal
